# This file is autogenerated, do not edit; changes may be undone by the next 'dep ensure'.


[[projects]]
  branch = "master"
  name = "github.com/gin-contrib/sse"
  packages = ["."]
  revision = "22d885f9ecc78bf4ee5d72b937e4bbcdc58e8cae"

[[projects]]
  name = "github.com/gin-gonic/gin"
  packages = [
    ".",
    "binding",
    "render"
  ]
  revision = "d459835d2b077e44f7c9b453505ee29881d5d12d"
  version = "v1.2"

[[projects]]
  name = "github.com/golang/protobuf"
  packages = ["proto"]
  revision = "b4deda0973fb4c70b50d226b1af49f3da59f5265"
  version = "v1.1.0"

[[projects]]
  branch = "master"
  name = "github.com/gonum/blas"
  packages = [
    ".",
    "blas64",
    "native",
    "native/internal/math32"
  ]
  revision = "e7c5890b24cf6f3bb173f76e1bd71e80e887e3f9"

[[projects]]
  branch = "master"
  name = "github.com/gonum/floats"
  packages = ["."]
  revision = "7de1f4ea7ab57890bfd427af68c7994cd67975d4"

[[projects]]
  branch = "master"
  name = "github.com/gonum/internal"
  packages = [
    "asm/f32",
    "asm/f64"
  ]
  revision = "fda53f8d25717c07e2dac25758075a182bd74235"

[[projects]]
  branch = "master"
  name = "github.com/gonum/lapack"
  packages = [
    ".",
    "lapack64",
    "native"
  ]
  revision = "f0b8b25edeceafb3a2752941c7bf0cda962df112"

[[projects]]
  branch = "master"
  name = "github.com/gonum/matrix"
  packages = [
    ".",
    "mat64"
  ]
  revision = "a41cc49d4c29f7451775f4379a5cc6ec6239dfab"

[[projects]]
  branch = "master"
  name = "github.com/gonum/stat"
  packages = ["."]
  revision = "ec9c8a1062f4be6c6ad671f0f5dba12d4a76826d"

[[projects]]
  branch = "master"
  name = "github.com/hashicorp/go-immutable-radix"
  packages = ["."]
  revision = "7f3cd4390caab3250a57f30efdb2a65dd7649ecf"

[[projects]]
  branch = "master"
  name = "github.com/hashicorp/go-memdb"
  packages = ["."]
  revision = "1289e7fffe71d8fd4d4d491ba9a412c50f244c44"

[[projects]]
  branch = "master"
  name = "github.com/hashicorp/golang-lru"
  packages = ["simplelru"]
  revision = "0fb14efe8c47ae851c0034ed7a448854d3d34cf3"

[[projects]]
  name = "github.com/mattn/go-isatty"
  packages = ["."]
  revision = "0360b2af4f38e8d38c7fce2a9f4e702702d73a39"
  version = "v0.0.3"

[[projects]]
  name = "github.com/ugorji/go"
  packages = ["codec"]
  revision = "b4c50a2b199d93b13dc15e78929cfb23bfdf21ab"
  version = "v1.1.1"

[[projects]]
  branch = "master"
  name = "golang.org/x/exp"
  packages = ["rand"]
  revision = "f5f346835693c5509c511fda7249a6f30302bf53"

[[projects]]
  branch = "master"
  name = "golang.org/x/sys"
  packages = ["unix"]
  revision = "9527bec2660bd847c050fda93a0f0c6dee0800bb"

[[projects]]
  branch = "master"
  name = "gonum.org/v1/gonum"
  packages = [
    "blas",
    "blas/blas64",
    "blas/gonum",
    "floats",
    "internal/asm/c128",
    "internal/asm/f32",
    "internal/asm/f64",
    "internal/math32",
    "lapack",
    "lapack/gonum",
    "lapack/lapack64",
    "mat",
    "mathext",
    "mathext/internal/amos",
    "mathext/internal/cephes",
    "mathext/internal/gonum",
    "stat",
    "stat/distuv"
  ]
  revision = "e4cc524e41c05103f0b96c02f041efd8d171a1de"

[[projects]]
  name = "gopkg.in/go-playground/validator.v8"
  packages = ["."]
  revision = "5f1438d3fca68893a817e4a66806cea46a9e4ebf"
  version = "v8.18.2"

[[projects]]
  name = "gopkg.in/yaml.v2"
  packages = ["."]
  revision = "5420a8b6744d3b0345ab293f6fcba19c978f1183"
  version = "v2.2.1"

[solve-meta]
  analyzer-name = "dep"
  analyzer-version = 1
  inputs-digest = "f2501bad56965e2f45e43b8f4dec17955da64c319b1bb3882aaa698e58565733"
  solver-name = "gps-cdcl"
  solver-version = 1
